// !$*UTF8*$!
{
	archiveVersion = 1;
	classes = {
	};
	objectVersion = 50;
	objects = {

/* Begin PBXBuildFile section */
		6D25765524026FED00CA6FEB /* NonObservableViewController.swift in Sources */ = {isa = PBXBuildFile; fileRef = 6D25765424026FED00CA6FEB /* NonObservableViewController.swift */; };
		6D257657240272E100CA6FEB /* NonObservingViewController.swift in Sources */ = {isa = PBXBuildFile; fileRef = 6D257656240272E100CA6FEB /* NonObservingViewController.swift */; };
		6D25765A24027F7500CA6FEB /* MultiObservableViewController.swift in Sources */ = {isa = PBXBuildFile; fileRef = 6D25765924027F7500CA6FEB /* MultiObservableViewController.swift */; };
		6D25765D2403A4FC00CA6FEB /* MultiObservingViewController.swift in Sources */ = {isa = PBXBuildFile; fileRef = 6D25765C2403A4FC00CA6FEB /* MultiObservingViewController.swift */; };
		6D3B39CD228B59DC00846BC2 /* AppDelegate.swift in Sources */ = {isa = PBXBuildFile; fileRef = 6D3B39CC228B59DC00846BC2 /* AppDelegate.swift */; };
		6D3B39CF228B59DC00846BC2 /* ObservableViewController.swift in Sources */ = {isa = PBXBuildFile; fileRef = 6D3B39CE228B59DC00846BC2 /* ObservableViewController.swift */; };
		6D3B39D2228B59DC00846BC2 /* Main.storyboard in Resources */ = {isa = PBXBuildFile; fileRef = 6D3B39D0228B59DC00846BC2 /* Main.storyboard */; };
		6D3B39D4228B59E800846BC2 /* Assets.xcassets in Resources */ = {isa = PBXBuildFile; fileRef = 6D3B39D3228B59E800846BC2 /* Assets.xcassets */; };
		6D3B39D7228B59E800846BC2 /* LaunchScreen.storyboard in Resources */ = {isa = PBXBuildFile; fileRef = 6D3B39D5228B59E800846BC2 /* LaunchScreen.storyboard */; };
		6D3B39E2228B59E900846BC2 /* ControlObserverTests.swift in Sources */ = {isa = PBXBuildFile; fileRef = 6D3B39E1228B59E900846BC2 /* ControlObserverTests.swift */; };
		6D3B39ED228B59E900846BC2 /* ObservationsUITests.swift in Sources */ = {isa = PBXBuildFile; fileRef = 6D3B39EC228B59E900846BC2 /* ObservationsUITests.swift */; };
		6D3B39FC228B5A3200846BC2 /* Observing.swift in Sources */ = {isa = PBXBuildFile; fileRef = 6D3B39FB228B5A3200846BC2 /* Observing.swift */; };
		6D3B39FE228B5A6000846BC2 /* ObservableButton.swift in Sources */ = {isa = PBXBuildFile; fileRef = 6D3B39FD228B5A6000846BC2 /* ObservableButton.swift */; };
		6D3B3A02228CE71400846BC2 /* ObservingViewController.swift in Sources */ = {isa = PBXBuildFile; fileRef = 6D3B3A01228CE71400846BC2 /* ObservingViewController.swift */; };
		6D83CAEC229D341A00506884 /* ControlObserver.swift in Sources */ = {isa = PBXBuildFile; fileRef = 6D83CAEB229D341A00506884 /* ControlObserver.swift */; };
		6D83CAEE229D343700506884 /* ObservableSlider.swift in Sources */ = {isa = PBXBuildFile; fileRef = 6D83CAED229D343700506884 /* ObservableSlider.swift */; };
		6DC6441722A1050F00E27114 /* ObservingTests.swift in Sources */ = {isa = PBXBuildFile; fileRef = 6DC6441622A1050F00E27114 /* ObservingTests.swift */; };
		6DC6441922A3940700E27114 /* ObservableControl.swift in Sources */ = {isa = PBXBuildFile; fileRef = 6DC6441822A3940700E27114 /* ObservableControl.swift */; };
		6DC6441B22A3966F00E27114 /* OptionSetIterator.swift in Sources */ = {isa = PBXBuildFile; fileRef = 6DC6441A22A3966F00E27114 /* OptionSetIterator.swift */; };
		6DC6441D22A397A800E27114 /* OptionSetIteratorTests.swift in Sources */ = {isa = PBXBuildFile; fileRef = 6DC6441C22A397A700E27114 /* OptionSetIteratorTests.swift */; };
		6DC6442122A4565100E27114 /* ObservableSliderTests.swift in Sources */ = {isa = PBXBuildFile; fileRef = 6DC6442022A4565100E27114 /* ObservableSliderTests.swift */; };
		6DF6F484229031F900BC7F6E /* ObservableButtonTests.swift in Sources */ = {isa = PBXBuildFile; fileRef = 6DF6F483229031F900BC7F6E /* ObservableButtonTests.swift */; };
/* End PBXBuildFile section */

/* Begin PBXContainerItemProxy section */
		6D3B39DE228B59E900846BC2 /* PBXContainerItemProxy */ = {
			isa = PBXContainerItemProxy;
			containerPortal = 6D3B39C1228B59DC00846BC2 /* Project object */;
			proxyType = 1;
			remoteGlobalIDString = 6D3B39C8228B59DC00846BC2;
			remoteInfo = RxLight;
		};
		6D3B39E9228B59E900846BC2 /* PBXContainerItemProxy */ = {
			isa = PBXContainerItemProxy;
			containerPortal = 6D3B39C1228B59DC00846BC2 /* Project object */;
			proxyType = 1;
			remoteGlobalIDString = 6D3B39C8228B59DC00846BC2;
			remoteInfo = RxLight;
		};
/* End PBXContainerItemProxy section */

/* Begin PBXFileReference section */
		6D25765424026FED00CA6FEB /* NonObservableViewController.swift */ = {isa = PBXFileReference; fileEncoding = 4; lastKnownFileType = sourcecode.swift; path = NonObservableViewController.swift; sourceTree = "<group>"; };
		6D257656240272E100CA6FEB /* NonObservingViewController.swift */ = {isa = PBXFileReference; fileEncoding = 4; lastKnownFileType = sourcecode.swift; path = NonObservingViewController.swift; sourceTree = "<group>"; };
		6D25765924027F7500CA6FEB /* MultiObservableViewController.swift */ = {isa = PBXFileReference; fileEncoding = 4; lastKnownFileType = sourcecode.swift; path = MultiObservableViewController.swift; sourceTree = "<group>"; };
		6D25765C2403A4FC00CA6FEB /* MultiObservingViewController.swift */ = {isa = PBXFileReference; fileEncoding = 4; lastKnownFileType = sourcecode.swift; path = MultiObservingViewController.swift; sourceTree = "<group>"; };
		6D3B39C9228B59DC00846BC2 /* Observations.app */ = {isa = PBXFileReference; explicitFileType = wrapper.application; includeInIndex = 0; path = Observations.app; sourceTree = BUILT_PRODUCTS_DIR; };
		6D3B39CC228B59DC00846BC2 /* AppDelegate.swift */ = {isa = PBXFileReference; lastKnownFileType = sourcecode.swift; path = AppDelegate.swift; sourceTree = "<group>"; };
		6D3B39CE228B59DC00846BC2 /* ObservableViewController.swift */ = {isa = PBXFileReference; lastKnownFileType = sourcecode.swift; path = ObservableViewController.swift; sourceTree = "<group>"; };
		6D3B39D1228B59DC00846BC2 /* Base */ = {isa = PBXFileReference; lastKnownFileType = file.storyboard; name = Base; path = Base.lproj/Main.storyboard; sourceTree = "<group>"; };
		6D3B39D3228B59E800846BC2 /* Assets.xcassets */ = {isa = PBXFileReference; lastKnownFileType = folder.assetcatalog; path = Assets.xcassets; sourceTree = "<group>"; };
		6D3B39D6228B59E800846BC2 /* Base */ = {isa = PBXFileReference; lastKnownFileType = file.storyboard; name = Base; path = Base.lproj/LaunchScreen.storyboard; sourceTree = "<group>"; };
		6D3B39D8228B59E800846BC2 /* Info.plist */ = {isa = PBXFileReference; lastKnownFileType = text.plist.xml; path = Info.plist; sourceTree = "<group>"; };
		6D3B39DD228B59E900846BC2 /* ObservationsTests.xctest */ = {isa = PBXFileReference; explicitFileType = wrapper.cfbundle; includeInIndex = 0; path = ObservationsTests.xctest; sourceTree = BUILT_PRODUCTS_DIR; };
		6D3B39E1228B59E900846BC2 /* ControlObserverTests.swift */ = {isa = PBXFileReference; lastKnownFileType = sourcecode.swift; path = ControlObserverTests.swift; sourceTree = "<group>"; };
		6D3B39E3228B59E900846BC2 /* Info.plist */ = {isa = PBXFileReference; lastKnownFileType = text.plist.xml; path = Info.plist; sourceTree = "<group>"; };
		6D3B39E8228B59E900846BC2 /* ObservationsUITests.xctest */ = {isa = PBXFileReference; explicitFileType = wrapper.cfbundle; includeInIndex = 0; path = ObservationsUITests.xctest; sourceTree = BUILT_PRODUCTS_DIR; };
		6D3B39EC228B59E900846BC2 /* ObservationsUITests.swift */ = {isa = PBXFileReference; lastKnownFileType = sourcecode.swift; path = ObservationsUITests.swift; sourceTree = "<group>"; };
		6D3B39EE228B59E900846BC2 /* Info.plist */ = {isa = PBXFileReference; lastKnownFileType = text.plist.xml; path = Info.plist; sourceTree = "<group>"; };
		6D3B39FB228B5A3200846BC2 /* Observing.swift */ = {isa = PBXFileReference; lastKnownFileType = sourcecode.swift; path = Observing.swift; sourceTree = "<group>"; };
		6D3B39FD228B5A6000846BC2 /* ObservableButton.swift */ = {isa = PBXFileReference; lastKnownFileType = sourcecode.swift; path = ObservableButton.swift; sourceTree = "<group>"; };
		6D3B3A01228CE71400846BC2 /* ObservingViewController.swift */ = {isa = PBXFileReference; lastKnownFileType = sourcecode.swift; path = ObservingViewController.swift; sourceTree = "<group>"; };
		6D83CAEB229D341A00506884 /* ControlObserver.swift */ = {isa = PBXFileReference; fileEncoding = 4; lastKnownFileType = sourcecode.swift; path = ControlObserver.swift; sourceTree = "<group>"; };
		6D83CAED229D343700506884 /* ObservableSlider.swift */ = {isa = PBXFileReference; fileEncoding = 4; lastKnownFileType = sourcecode.swift; path = ObservableSlider.swift; sourceTree = "<group>"; };
		6DC6441622A1050F00E27114 /* ObservingTests.swift */ = {isa = PBXFileReference; lastKnownFileType = sourcecode.swift; path = ObservingTests.swift; sourceTree = "<group>"; };
		6DC6441822A3940700E27114 /* ObservableControl.swift */ = {isa = PBXFileReference; lastKnownFileType = sourcecode.swift; path = ObservableControl.swift; sourceTree = "<group>"; };
		6DC6441A22A3966F00E27114 /* OptionSetIterator.swift */ = {isa = PBXFileReference; lastKnownFileType = sourcecode.swift; path = OptionSetIterator.swift; sourceTree = "<group>"; };
		6DC6441C22A397A700E27114 /* OptionSetIteratorTests.swift */ = {isa = PBXFileReference; lastKnownFileType = sourcecode.swift; path = OptionSetIteratorTests.swift; sourceTree = "<group>"; };
		6DC6442022A4565100E27114 /* ObservableSliderTests.swift */ = {isa = PBXFileReference; lastKnownFileType = sourcecode.swift; path = ObservableSliderTests.swift; sourceTree = "<group>"; };
		6DF6F483229031F900BC7F6E /* ObservableButtonTests.swift */ = {isa = PBXFileReference; lastKnownFileType = sourcecode.swift; path = ObservableButtonTests.swift; sourceTree = "<group>"; };
/* End PBXFileReference section */

/* Begin PBXFrameworksBuildPhase section */
		6D3B39C6228B59DC00846BC2 /* Frameworks */ = {
			isa = PBXFrameworksBuildPhase;
			buildActionMask = 2147483647;
			files = (
			);
			runOnlyForDeploymentPostprocessing = 0;
		};
		6D3B39DA228B59E900846BC2 /* Frameworks */ = {
			isa = PBXFrameworksBuildPhase;
			buildActionMask = 2147483647;
			files = (
			);
			runOnlyForDeploymentPostprocessing = 0;
		};
		6D3B39E5228B59E900846BC2 /* Frameworks */ = {
			isa = PBXFrameworksBuildPhase;
			buildActionMask = 2147483647;
			files = (
			);
			runOnlyForDeploymentPostprocessing = 0;
		};
/* End PBXFrameworksBuildPhase section */

/* Begin PBXGroup section */
		6D25765324026F3F00CA6FEB /* AppInfrastructureStuff */ = {
			isa = PBXGroup;
			children = (
				6D3B39CC228B59DC00846BC2 /* AppDelegate.swift */,
				6D3B39D0228B59DC00846BC2 /* Main.storyboard */,
				6D3B39D3228B59E800846BC2 /* Assets.xcassets */,
				6D3B39D5228B59E800846BC2 /* LaunchScreen.storyboard */,
				6D3B39D8228B59E800846BC2 /* Info.plist */,
			);
			path = AppInfrastructureStuff;
			sourceTree = "<group>";
		};
		6D25765824027EF200CA6FEB /* Alternative Without Observing */ = {
			isa = PBXGroup;
			children = (
				6D25765424026FED00CA6FEB /* NonObservableViewController.swift */,
				6D257656240272E100CA6FEB /* NonObservingViewController.swift */,
			);
			path = "Alternative Without Observing";
			sourceTree = "<group>";
		};
		6D25765B240281F600CA6FEB /* Alternative With MultiObservable */ = {
			isa = PBXGroup;
			children = (
				6D25765924027F7500CA6FEB /* MultiObservableViewController.swift */,
				6D25765C2403A4FC00CA6FEB /* MultiObservingViewController.swift */,
			);
			path = "Alternative With MultiObservable";
			sourceTree = "<group>";
		};
		6D3B39C0228B59DC00846BC2 = {
			isa = PBXGroup;
			children = (
				6D3B39CB228B59DC00846BC2 /* Sources */,
				6D3B39E0228B59E900846BC2 /* ObservationsTests */,
				6D3B39EB228B59E900846BC2 /* ObservationsUITests */,
				6D3B39CA228B59DC00846BC2 /* Products */,
			);
			sourceTree = "<group>";
		};
		6D3B39CA228B59DC00846BC2 /* Products */ = {
			isa = PBXGroup;
			children = (
				6D3B39C9228B59DC00846BC2 /* Observations.app */,
				6D3B39DD228B59E900846BC2 /* ObservationsTests.xctest */,
				6D3B39E8228B59E900846BC2 /* ObservationsUITests.xctest */,
			);
			name = Products;
			sourceTree = "<group>";
		};
		6D3B39CB228B59DC00846BC2 /* Sources */ = {
			isa = PBXGroup;
			children = (
				6D25765324026F3F00CA6FEB /* AppInfrastructureStuff */,
				6D3B39FA228B5A1A00846BC2 /* Observing */,
				6D3B39CE228B59DC00846BC2 /* ObservableViewController.swift */,
				6D3B3A01228CE71400846BC2 /* ObservingViewController.swift */,
				6D25765B240281F600CA6FEB /* Alternative With MultiObservable */,
				6D25765824027EF200CA6FEB /* Alternative Without Observing */,
			);
			path = Sources;
			sourceTree = "<group>";
		};
		6D3B39E0228B59E900846BC2 /* ObservationsTests */ = {
			isa = PBXGroup;
			children = (
				6D3B39E1228B59E900846BC2 /* ControlObserverTests.swift */,
				6DC6441622A1050F00E27114 /* ObservingTests.swift */,
				6DF6F483229031F900BC7F6E /* ObservableButtonTests.swift */,
				6DC6442022A4565100E27114 /* ObservableSliderTests.swift */,
				6DC6441C22A397A700E27114 /* OptionSetIteratorTests.swift */,
				6D3B39E3228B59E900846BC2 /* Info.plist */,
			);
			path = ObservationsTests;
			sourceTree = "<group>";
		};
		6D3B39EB228B59E900846BC2 /* ObservationsUITests */ = {
			isa = PBXGroup;
			children = (
				6D3B39EC228B59E900846BC2 /* ObservationsUITests.swift */,
				6D3B39EE228B59E900846BC2 /* Info.plist */,
			);
			path = ObservationsUITests;
			sourceTree = "<group>";
		};
		6D3B39FA228B5A1A00846BC2 /* Observing */ = {
			isa = PBXGroup;
			children = (
				6D83CAEF229D343F00506884 /* Controls */,
				6D3B39FB228B5A3200846BC2 /* Observing.swift */,
			);
			path = Observing;
			sourceTree = "<group>";
		};
		6D83CAEF229D343F00506884 /* Controls */ = {
			isa = PBXGroup;
			children = (
				6D83CAEB229D341A00506884 /* ControlObserver.swift */,
				6DC6441822A3940700E27114 /* ObservableControl.swift */,
				6D3B39FD228B5A6000846BC2 /* ObservableButton.swift */,
				6D83CAED229D343700506884 /* ObservableSlider.swift */,
				6DC6441A22A3966F00E27114 /* OptionSetIterator.swift */,
			);
			path = Controls;
			sourceTree = "<group>";
		};
/* End PBXGroup section */

/* Begin PBXNativeTarget section */
		6D3B39C8228B59DC00846BC2 /* Observations */ = {
			isa = PBXNativeTarget;
			buildConfigurationList = 6D3B39F1228B59E900846BC2 /* Build configuration list for PBXNativeTarget "Observations" */;
			buildPhases = (
				6D3B39C5228B59DC00846BC2 /* Sources */,
				6D3B39C6228B59DC00846BC2 /* Frameworks */,
				6D3B39C7228B59DC00846BC2 /* Resources */,
			);
			buildRules = (
			);
			dependencies = (
			);
			name = Observations;
			productName = RxLight;
			productReference = 6D3B39C9228B59DC00846BC2 /* Observations.app */;
			productType = "com.apple.product-type.application";
		};
		6D3B39DC228B59E900846BC2 /* ObservationsTests */ = {
			isa = PBXNativeTarget;
			buildConfigurationList = 6D3B39F4228B59E900846BC2 /* Build configuration list for PBXNativeTarget "ObservationsTests" */;
			buildPhases = (
				6D3B39D9228B59E900846BC2 /* Sources */,
				6D3B39DA228B59E900846BC2 /* Frameworks */,
				6D3B39DB228B59E900846BC2 /* Resources */,
			);
			buildRules = (
			);
			dependencies = (
				6D3B39DF228B59E900846BC2 /* PBXTargetDependency */,
			);
			name = ObservationsTests;
			productName = RxLightTests;
			productReference = 6D3B39DD228B59E900846BC2 /* ObservationsTests.xctest */;
			productType = "com.apple.product-type.bundle.unit-test";
		};
		6D3B39E7228B59E900846BC2 /* ObservationsUITests */ = {
			isa = PBXNativeTarget;
			buildConfigurationList = 6D3B39F7228B59E900846BC2 /* Build configuration list for PBXNativeTarget "ObservationsUITests" */;
			buildPhases = (
				6D3B39E4228B59E900846BC2 /* Sources */,
				6D3B39E5228B59E900846BC2 /* Frameworks */,
				6D3B39E6228B59E900846BC2 /* Resources */,
			);
			buildRules = (
			);
			dependencies = (
				6D3B39EA228B59E900846BC2 /* PBXTargetDependency */,
			);
			name = ObservationsUITests;
			productName = RxLightUITests;
			productReference = 6D3B39E8228B59E900846BC2 /* ObservationsUITests.xctest */;
			productType = "com.apple.product-type.bundle.ui-testing";
		};
/* End PBXNativeTarget section */

/* Begin PBXProject section */
		6D3B39C1228B59DC00846BC2 /* Project object */ = {
			isa = PBXProject;
			attributes = {
				LastSwiftUpdateCheck = 1020;
				LastUpgradeCheck = 1020;
				ORGANIZATIONNAME = SintraWorks;
				TargetAttributes = {
					6D3B39C8228B59DC00846BC2 = {
						CreatedOnToolsVersion = 10.2.1;
					};
					6D3B39DC228B59E900846BC2 = {
						CreatedOnToolsVersion = 10.2.1;
						TestTargetID = 6D3B39C8228B59DC00846BC2;
					};
					6D3B39E7228B59E900846BC2 = {
						CreatedOnToolsVersion = 10.2.1;
						TestTargetID = 6D3B39C8228B59DC00846BC2;
					};
				};
			};
			buildConfigurationList = 6D3B39C4228B59DC00846BC2 /* Build configuration list for PBXProject "Observations" */;
			compatibilityVersion = "Xcode 9.3";
			developmentRegion = en;
			hasScannedForEncodings = 0;
			knownRegions = (
				en,
				Base,
			);
			mainGroup = 6D3B39C0228B59DC00846BC2;
			productRefGroup = 6D3B39CA228B59DC00846BC2 /* Products */;
			projectDirPath = "";
			projectRoot = "";
			targets = (
				6D3B39C8228B59DC00846BC2 /* Observations */,
				6D3B39DC228B59E900846BC2 /* ObservationsTests */,
				6D3B39E7228B59E900846BC2 /* ObservationsUITests */,
			);
		};
/* End PBXProject section */

/* Begin PBXResourcesBuildPhase section */
		6D3B39C7228B59DC00846BC2 /* Resources */ = {
			isa = PBXResourcesBuildPhase;
			buildActionMask = 2147483647;
			files = (
				6D3B39D7228B59E800846BC2 /* LaunchScreen.storyboard in Resources */,
				6D3B39D4228B59E800846BC2 /* Assets.xcassets in Resources */,
				6D3B39D2228B59DC00846BC2 /* Main.storyboard in Resources */,
			);
			runOnlyForDeploymentPostprocessing = 0;
		};
		6D3B39DB228B59E900846BC2 /* Resources */ = {
			isa = PBXResourcesBuildPhase;
			buildActionMask = 2147483647;
			files = (
			);
			runOnlyForDeploymentPostprocessing = 0;
		};
		6D3B39E6228B59E900846BC2 /* Resources */ = {
			isa = PBXResourcesBuildPhase;
			buildActionMask = 2147483647;
			files = (
			);
			runOnlyForDeploymentPostprocessing = 0;
		};
/* End PBXResourcesBuildPhase section */

/* Begin PBXSourcesBuildPhase section */
		6D3B39C5228B59DC00846BC2 /* Sources */ = {
			isa = PBXSourcesBuildPhase;
			buildActionMask = 2147483647;
			files = (
				6DC6441922A3940700E27114 /* ObservableControl.swift in Sources */,
				6D3B39CF228B59DC00846BC2 /* ObservableViewController.swift in Sources */,
				6D83CAEE229D343700506884 /* ObservableSlider.swift in Sources */,
				6D83CAEC229D341A00506884 /* ControlObserver.swift in Sources */,
				6D3B39FC228B5A3200846BC2 /* Observing.swift in Sources */,
				6D3B3A02228CE71400846BC2 /* ObservingViewController.swift in Sources */,
				6DC6441B22A3966F00E27114 /* OptionSetIterator.swift in Sources */,
				6D3B39FE228B5A6000846BC2 /* ObservableButton.swift in Sources */,
				6D25765D2403A4FC00CA6FEB /* MultiObservingViewController.swift in Sources */,
				6D25765524026FED00CA6FEB /* NonObservableViewController.swift in Sources */,
				6D25765A24027F7500CA6FEB /* MultiObservableViewController.swift in Sources */,
				6D3B39CD228B59DC00846BC2 /* AppDelegate.swift in Sources */,
				6D257657240272E100CA6FEB /* NonObservingViewController.swift in Sources */,
			);
			runOnlyForDeploymentPostprocessing = 0;
		};
		6D3B39D9228B59E900846BC2 /* Sources */ = {
			isa = PBXSourcesBuildPhase;
			buildActionMask = 2147483647;
			files = (
				6DC6442122A4565100E27114 /* ObservableSliderTests.swift in Sources */,
				6DC6441722A1050F00E27114 /* ObservingTests.swift in Sources */,
				6DC6441D22A397A800E27114 /* OptionSetIteratorTests.swift in Sources */,
				6DF6F484229031F900BC7F6E /* ObservableButtonTests.swift in Sources */,
				6D3B39E2228B59E900846BC2 /* ControlObserverTests.swift in Sources */,
			);
			runOnlyForDeploymentPostprocessing = 0;
		};
		6D3B39E4228B59E900846BC2 /* Sources */ = {
			isa = PBXSourcesBuildPhase;
			buildActionMask = 2147483647;
			files = (
				6D3B39ED228B59E900846BC2 /* ObservationsUITests.swift in Sources */,
			);
			runOnlyForDeploymentPostprocessing = 0;
		};
/* End PBXSourcesBuildPhase section */

/* Begin PBXTargetDependency section */
		6D3B39DF228B59E900846BC2 /* PBXTargetDependency */ = {
			isa = PBXTargetDependency;
			target = 6D3B39C8228B59DC00846BC2 /* Observations */;
			targetProxy = 6D3B39DE228B59E900846BC2 /* PBXContainerItemProxy */;
		};
		6D3B39EA228B59E900846BC2 /* PBXTargetDependency */ = {
			isa = PBXTargetDependency;
			target = 6D3B39C8228B59DC00846BC2 /* Observations */;
			targetProxy = 6D3B39E9228B59E900846BC2 /* PBXContainerItemProxy */;
		};
/* End PBXTargetDependency section */

/* Begin PBXVariantGroup section */
		6D3B39D0228B59DC00846BC2 /* Main.storyboard */ = {
			isa = PBXVariantGroup;
			children = (
				6D3B39D1228B59DC00846BC2 /* Base */,
			);
			name = Main.storyboard;
			sourceTree = "<group>";
		};
		6D3B39D5228B59E800846BC2 /* LaunchScreen.storyboard */ = {
			isa = PBXVariantGroup;
			children = (
				6D3B39D6228B59E800846BC2 /* Base */,
			);
			name = LaunchScreen.storyboard;
			sourceTree = "<group>";
		};
/* End PBXVariantGroup section */

/* Begin XCBuildConfiguration section */
		6D3B39EF228B59E900846BC2 /* Debug */ = {
			isa = XCBuildConfiguration;
			buildSettings = {
				ALWAYS_SEARCH_USER_PATHS = NO;
				CLANG_ANALYZER_NONNULL = YES;
				CLANG_ANALYZER_NUMBER_OBJECT_CONVERSION = YES_AGGRESSIVE;
				CLANG_CXX_LANGUAGE_STANDARD = "gnu++14";
				CLANG_CXX_LIBRARY = "libc++";
				CLANG_ENABLE_MODULES = YES;
				CLANG_ENABLE_OBJC_ARC = YES;
				CLANG_ENABLE_OBJC_WEAK = YES;
				CLANG_WARN_BLOCK_CAPTURE_AUTORELEASING = YES;
				CLANG_WARN_BOOL_CONVERSION = YES;
				CLANG_WARN_COMMA = YES;
				CLANG_WARN_CONSTANT_CONVERSION = YES;
				CLANG_WARN_DEPRECATED_OBJC_IMPLEMENTATIONS = YES;
				CLANG_WARN_DIRECT_OBJC_ISA_USAGE = YES_ERROR;
				CLANG_WARN_DOCUMENTATION_COMMENTS = YES;
				CLANG_WARN_EMPTY_BODY = YES;
				CLANG_WARN_ENUM_CONVERSION = YES;
				CLANG_WARN_INFINITE_RECURSION = YES;
				CLANG_WARN_INT_CONVERSION = YES;
				CLANG_WARN_NON_LITERAL_NULL_CONVERSION = YES;
				CLANG_WARN_OBJC_IMPLICIT_RETAIN_SELF = YES;
				CLANG_WARN_OBJC_LITERAL_CONVERSION = YES;
				CLANG_WARN_OBJC_ROOT_CLASS = YES_ERROR;
				CLANG_WARN_RANGE_LOOP_ANALYSIS = YES;
				CLANG_WARN_STRICT_PROTOTYPES = YES;
				CLANG_WARN_SUSPICIOUS_MOVE = YES;
				CLANG_WARN_UNGUARDED_AVAILABILITY = YES_AGGRESSIVE;
				CLANG_WARN_UNREACHABLE_CODE = YES;
				CLANG_WARN__DUPLICATE_METHOD_MATCH = YES;
				CODE_SIGN_IDENTITY = "iPhone Developer";
				COPY_PHASE_STRIP = NO;
				DEBUG_INFORMATION_FORMAT = dwarf;
				ENABLE_STRICT_OBJC_MSGSEND = YES;
				ENABLE_TESTABILITY = YES;
				GCC_C_LANGUAGE_STANDARD = gnu11;
				GCC_DYNAMIC_NO_PIC = NO;
				GCC_NO_COMMON_BLOCKS = YES;
				GCC_OPTIMIZATION_LEVEL = 0;
				GCC_PREPROCESSOR_DEFINITIONS = (
					"DEBUG=1",
					"$(inherited)",
				);
				GCC_WARN_64_TO_32_BIT_CONVERSION = YES;
				GCC_WARN_ABOUT_RETURN_TYPE = YES_ERROR;
				GCC_WARN_UNDECLARED_SELECTOR = YES;
				GCC_WARN_UNINITIALIZED_AUTOS = YES_AGGRESSIVE;
				GCC_WARN_UNUSED_FUNCTION = YES;
				GCC_WARN_UNUSED_VARIABLE = YES;
				IPHONEOS_DEPLOYMENT_TARGET = 12.2;
				MTL_ENABLE_DEBUG_INFO = INCLUDE_SOURCE;
				MTL_FAST_MATH = YES;
				ONLY_ACTIVE_ARCH = YES;
				SDKROOT = iphoneos;
				SWIFT_ACTIVE_COMPILATION_CONDITIONS = DEBUG;
				SWIFT_OPTIMIZATION_LEVEL = "-Onone";
			};
			name = Debug;
		};
		6D3B39F0228B59E900846BC2 /* Release */ = {
			isa = XCBuildConfiguration;
			buildSettings = {
				ALWAYS_SEARCH_USER_PATHS = NO;
				CLANG_ANALYZER_NONNULL = YES;
				CLANG_ANALYZER_NUMBER_OBJECT_CONVERSION = YES_AGGRESSIVE;
				CLANG_CXX_LANGUAGE_STANDARD = "gnu++14";
				CLANG_CXX_LIBRARY = "libc++";
				CLANG_ENABLE_MODULES = YES;
				CLANG_ENABLE_OBJC_ARC = YES;
				CLANG_ENABLE_OBJC_WEAK = YES;
				CLANG_WARN_BLOCK_CAPTURE_AUTORELEASING = YES;
				CLANG_WARN_BOOL_CONVERSION = YES;
				CLANG_WARN_COMMA = YES;
				CLANG_WARN_CONSTANT_CONVERSION = YES;
				CLANG_WARN_DEPRECATED_OBJC_IMPLEMENTATIONS = YES;
				CLANG_WARN_DIRECT_OBJC_ISA_USAGE = YES_ERROR;
				CLANG_WARN_DOCUMENTATION_COMMENTS = YES;
				CLANG_WARN_EMPTY_BODY = YES;
				CLANG_WARN_ENUM_CONVERSION = YES;
				CLANG_WARN_INFINITE_RECURSION = YES;
				CLANG_WARN_INT_CONVERSION = YES;
				CLANG_WARN_NON_LITERAL_NULL_CONVERSION = YES;
				CLANG_WARN_OBJC_IMPLICIT_RETAIN_SELF = YES;
				CLANG_WARN_OBJC_LITERAL_CONVERSION = YES;
				CLANG_WARN_OBJC_ROOT_CLASS = YES_ERROR;
				CLANG_WARN_RANGE_LOOP_ANALYSIS = YES;
				CLANG_WARN_STRICT_PROTOTYPES = YES;
				CLANG_WARN_SUSPICIOUS_MOVE = YES;
				CLANG_WARN_UNGUARDED_AVAILABILITY = YES_AGGRESSIVE;
				CLANG_WARN_UNREACHABLE_CODE = YES;
				CLANG_WARN__DUPLICATE_METHOD_MATCH = YES;
				CODE_SIGN_IDENTITY = "iPhone Developer";
				COPY_PHASE_STRIP = NO;
				DEBUG_INFORMATION_FORMAT = "dwarf-with-dsym";
				ENABLE_NS_ASSERTIONS = NO;
				ENABLE_STRICT_OBJC_MSGSEND = YES;
				GCC_C_LANGUAGE_STANDARD = gnu11;
				GCC_NO_COMMON_BLOCKS = YES;
				GCC_WARN_64_TO_32_BIT_CONVERSION = YES;
				GCC_WARN_ABOUT_RETURN_TYPE = YES_ERROR;
				GCC_WARN_UNDECLARED_SELECTOR = YES;
				GCC_WARN_UNINITIALIZED_AUTOS = YES_AGGRESSIVE;
				GCC_WARN_UNUSED_FUNCTION = YES;
				GCC_WARN_UNUSED_VARIABLE = YES;
				IPHONEOS_DEPLOYMENT_TARGET = 12.2;
				MTL_ENABLE_DEBUG_INFO = NO;
				MTL_FAST_MATH = YES;
				SDKROOT = iphoneos;
				SWIFT_COMPILATION_MODE = wholemodule;
				SWIFT_OPTIMIZATION_LEVEL = "-O";
				VALIDATE_PRODUCT = YES;
			};
			name = Release;
		};
		6D3B39F2228B59E900846BC2 /* Debug */ = {
			isa = XCBuildConfiguration;
			buildSettings = {
				ASSETCATALOG_COMPILER_APPICON_NAME = AppIcon;
				CODE_SIGN_STYLE = Automatic;
				DEVELOPMENT_TEAM = 689JQUEJ8U;
				INFOPLIST_FILE = "$(SRCROOT)/Sources/AppInfrastructureStuff/Info.plist";
				LD_RUNPATH_SEARCH_PATHS = (
					"$(inherited)",
					"@executable_path/Frameworks",
				);
				PRODUCT_BUNDLE_IDENTIFIER = com.SintraWorks.Observations;
				PRODUCT_NAME = "$(TARGET_NAME)";
				SWIFT_VERSION = 5.0;
				TARGETED_DEVICE_FAMILY = "1,2";
			};
			name = Debug;
		};
		6D3B39F3228B59E900846BC2 /* Release */ = {
			isa = XCBuildConfiguration;
			buildSettings = {
				ASSETCATALOG_COMPILER_APPICON_NAME = AppIcon;
				CODE_SIGN_STYLE = Automatic;
				DEVELOPMENT_TEAM = 689JQUEJ8U;
				INFOPLIST_FILE = "$(SRCROOT)/Sources/AppInfrastructureStuff/Info.plist";
				LD_RUNPATH_SEARCH_PATHS = (
					"$(inherited)",
					"@executable_path/Frameworks",
				);
				PRODUCT_BUNDLE_IDENTIFIER = com.SintraWorks.Observations;
				PRODUCT_NAME = "$(TARGET_NAME)";
				SWIFT_VERSION = 5.0;
				TARGETED_DEVICE_FAMILY = "1,2";
			};
			name = Release;
		};
		6D3B39F5228B59E900846BC2 /* Debug */ = {
			isa = XCBuildConfiguration;
			buildSettings = {
				ALWAYS_EMBED_SWIFT_STANDARD_LIBRARIES = YES;
				BUNDLE_LOADER = "$(TEST_HOST)";
				CODE_SIGN_STYLE = Automatic;
				DEVELOPMENT_TEAM = 689JQUEJ8U;
				INFOPLIST_FILE = "$(SRCROOT)/ObservationsTests/Info.plist";
				LD_RUNPATH_SEARCH_PATHS = (
					"$(inherited)",
					"@executable_path/Frameworks",
					"@loader_path/Frameworks",
				);
				PRODUCT_BUNDLE_IDENTIFIER = com.SintraWorks.ObservationsTests;
				PRODUCT_NAME = "$(TARGET_NAME)";
				SWIFT_VERSION = 5.0;
				TARGETED_DEVICE_FAMILY = "1,2";
				TEST_HOST = "$(BUILT_PRODUCTS_DIR)/Observations.app/Observations";
			};
			name = Debug;
		};
		6D3B39F6228B59E900846BC2 /* Release */ = {
			isa = XCBuildConfiguration;
			buildSettings = {
				ALWAYS_EMBED_SWIFT_STANDARD_LIBRARIES = YES;
				BUNDLE_LOADER = "$(TEST_HOST)";
				CODE_SIGN_STYLE = Automatic;
				DEVELOPMENT_TEAM = 689JQUEJ8U;
				INFOPLIST_FILE = "$(SRCROOT)/ObservationsTests/Info.plist";
				LD_RUNPATH_SEARCH_PATHS = (
					"$(inherited)",
					"@executable_path/Frameworks",
					"@loader_path/Frameworks",
				);
				PRODUCT_BUNDLE_IDENTIFIER = com.SintraWorks.ObservationsTests;
				PRODUCT_NAME = "$(TARGET_NAME)";
				SWIFT_VERSION = 5.0;
				TARGETED_DEVICE_FAMILY = "1,2";
				TEST_HOST = "$(BUILT_PRODUCTS_DIR)/Observations.app/Observations";
			};
			name = Release;
		};
		6D3B39F8228B59E900846BC2 /* Debug */ = {
			isa = XCBuildConfiguration;
			buildSettings = {
				ALWAYS_EMBED_SWIFT_STANDARD_LIBRARIES = YES;
				CODE_SIGN_STYLE = Automatic;
				DEVELOPMENT_TEAM = 689JQUEJ8U;
				INFOPLIST_FILE = "$(SRCROOT)/ObservationsUITests/Info.plist";
				LD_RUNPATH_SEARCH_PATHS = (
					"$(inherited)",
					"@executable_path/Frameworks",
					"@loader_path/Frameworks",
				);
				PRODUCT_BUNDLE_IDENTIFIER = com.SintraWorks.ObsservationsUITests;
				PRODUCT_NAME = "$(TARGET_NAME)";
				PROVISIONING_PROFILE = "";
				SWIFT_VERSION = 5.0;
				TARGETED_DEVICE_FAMILY = "1,2";
				TEST_TARGET_NAME = Observations;
			};
			name = Debug;
		};
		6D3B39F9228B59E900846BC2 /* Release */ = {
			isa = XCBuildConfiguration;
			buildSettings = {
				ALWAYS_EMBED_SWIFT_STANDARD_LIBRARIES = YES;
				CODE_SIGN_STYLE = Automatic;
				DEVELOPMENT_TEAM = 689JQUEJ8U;
				INFOPLIST_FILE = "$(SRCROOT)/ObservationsUITests/Info.plist";
				LD_RUNPATH_SEARCH_PATHS = (
					"$(inherited)",
					"@executable_path/Frameworks",
					"@loader_path/Frameworks",
				);
				PRODUCT_BUNDLE_IDENTIFIER = com.SintraWorks.ObsservationsUITests;
				PRODUCT_NAME = "$(TARGET_NAME)";
				PROVISIONING_PROFILE = "";
				SWIFT_VERSION = 5.0;
				TARGETED_DEVICE_FAMILY = "1,2";
				TEST_TARGET_NAME = Observations;
			};
			name = Release;
		};
/* End XCBuildConfiguration section */

/* Begin XCConfigurationList section */
		6D3B39C4228B59DC00846BC2 /* Build configuration list for PBXProject "Observations" */ = {
			isa = XCConfigurationList;
			buildConfigurations = (
				6D3B39EF228B59E900846BC2 /* Debug */,
				6D3B39F0228B59E900846BC2 /* Release */,
			);
			defaultConfigurationIsVisible = 0;
			defaultConfigurationName = Release;
		};
		6D3B39F1228B59E900846BC2 /* Build configuration list for PBXNativeTarget "Observations" */ = {
			isa = XCConfigurationList;
			buildConfigurations = (
				6D3B39F2228B59E900846BC2 /* Debug */,
				6D3B39F3228B59E900846BC2 /* Release */,
			);
			defaultConfigurationIsVisible = 0;
			defaultConfigurationName = Release;
		};
		6D3B39F4228B59E900846BC2 /* Build configuration list for PBXNativeTarget "ObservationsTests" */ = {
			isa = XCConfigurationList;
			buildConfigurations = (
				6D3B39F5228B59E900846BC2 /* Debug */,
				6D3B39F6228B59E900846BC2 /* Release */,
			);
			defaultConfigurationIsVisible = 0;
			defaultConfigurationName = Release;
		};
		6D3B39F7228B59E900846BC2 /* Build configuration list for PBXNativeTarget "ObservationsUITests" */ = {
			isa = XCConfigurationList;
			buildConfigurations = (
				6D3B39F8228B59E900846BC2 /* Debug */,
				6D3B39F9228B59E900846BC2 /* Release */,
			);
			defaultConfigurationIsVisible = 0;
			defaultConfigurationName = Release;
		};
/* End XCConfigurationList section */
	};
	rootObject = 6D3B39C1228B59DC00846BC2 /* Project object */;
}
